
Microsoft Visual Studio Solution File, Format Version 12.00
# Visual Studio Version 17
VisualStudioVersion = 17.5.33530.505
MinimumVisualStudioVersion = 10.0.40219.1
Project("{FAE04EC0-301F-11D3-BF4B-00C04F79EFBC}") = "HW_Module_14_Part_2_Logging", "HW_Module_14_Part_2_Logging\HW_Module_14_Part_2_Logging.csproj", "{A8CBD70E-DF1F-4E73-A301-A2D14470F387}"
EndProject
Project("{FAE04EC0-301F-11D3-BF4B-00C04F79EFBC}") = "Task_2", "Task_2\Task_2.csproj", "{9099E9FC-F5FF-4034-A1E6-CD614A21CF92}"
EndProject
Global
	GlobalSection(SolutionConfigurationPlatforms) = preSolution
		Debug|Any CPU = Debug|Any CPU
		Release|Any CPU = Release|Any CPU
	EndGlobalSection
	GlobalSection(ProjectConfigurationPlatforms) = postSolution
		{A8CBD70E-DF1F-4E73-A301-A2D14470F387}.Debug|Any CPU.ActiveCfg = Debug|Any CPU
		{A8CBD70E-DF1F-4E73-A301-A2D14470F387}.Debug|Any CPU.Build.0 = Debug|Any CPU
		{A8CBD70E-DF1F-4E73-A301-A2D14470F387}.Release|Any CPU.ActiveCfg = Release|Any CPU
		{A8CBD70E-DF1F-4E73-A301-A2D14470F387}.Release|Any CPU.Build.0 = Release|Any CPU
		{9099E9FC-F5FF-4034-A1E6-CD614A21CF92}.Debug|Any CPU.ActiveCfg = Debug|Any CPU
		{9099E9FC-F5FF-4034-A1E6-CD614A21CF92}.Debug|Any CPU.Build.0 = Debug|Any CPU
		{9099E9FC-F5FF-4034-A1E6-CD614A21CF92}.Release|Any CPU.ActiveCfg = Release|Any CPU
		{9099E9FC-F5FF-4034-A1E6-CD614A21CF92}.Release|Any CPU.Build.0 = Release|Any CPU
	EndGlobalSection
	GlobalSection(SolutionProperties) = preSolution
		HideSolutionNode = FALSE
	EndGlobalSection
	GlobalSection(ExtensibilityGlobals) = postSolution
		SolutionGuid = {F84872E6-46D7-48F0-A617-0C550BC85051}
	EndGlobalSection
EndGlobal
